
Microsoft Visual Studio Solution File, Format Version 12.00
# Visual Studio Version 17
VisualStudioVersion = 17.3.32922.545
MinimumVisualStudioVersion = 10.0.40219.1
Project("{8BC9CEB8-8B4A-11D0-8D11-00A0C91BC942}") = "task13", "task13_a_b.vcxproj", "{C99F16B7-893B-4D26-B0B4-747501B3DE4D}"
EndProject
Project("{8BC9CEB8-8B4A-11D0-8D11-00A0C91BC942}") = "task20", "..\tasks16-20\tasks16-20.vcxproj", "{09ED1DE8-9390-43BF-BB2C-9F9C49C1C803}"
EndProject
Project("{8BC9CEB8-8B4A-11D0-8D11-00A0C91BC942}") = "task14", "..\task14\task14.vcxproj", "{5EF95196-3085-42E9-923C-A847DCD57C5F}"
EndProject
Project("{8BC9CEB8-8B4A-11D0-8D11-00A0C91BC942}") = "task15", "..\task15\task15.vcxproj", "{5ED77E1D-80B8-4B19-9F35-8583613E48E2}"
EndProject
Project("{8BC9CEB8-8B4A-11D0-8D11-00A0C91BC942}") = "task16", "..\task16\task16.vcxproj", "{2B5C0685-9416-495A-B126-887F2A2572CE}"
EndProject
Project("{8BC9CEB8-8B4A-11D0-8D11-00A0C91BC942}") = "task17", "..\task17\task17.vcxproj", "{1C13E54A-A39D-437E-9A3B-EB3CEA004083}"
EndProject
Project("{8BC9CEB8-8B4A-11D0-8D11-00A0C91BC942}") = "task18", "..\task18\task18.vcxproj", "{6A58841C-E12C-43C6-90CE-1F9B75296445}"
EndProject
Project("{8BC9CEB8-8B4A-11D0-8D11-00A0C91BC942}") = "task19", "..\task19\task19.vcxproj", "{4C8E6B4D-B86D-460D-99EF-9CCCC374E34E}"
EndProject
Project("{8BC9CEB8-8B4A-11D0-8D11-00A0C91BC942}") = "task21", "..\task21\task21.vcxproj", "{8A18EE13-177A-4D49-808E-5776A598D77B}"
EndProject
Project("{8BC9CEB8-8B4A-11D0-8D11-00A0C91BC942}") = "task22", "..\task22\task22.vcxproj", "{622EEFA9-A12C-4DD1-AEF9-6D116EDC1D9B}"
EndProject
Project("{8BC9CEB8-8B4A-11D0-8D11-00A0C91BC942}") = "task23", "..\23\23.vcxproj", "{D88F9817-1A33-403C-9D8B-3917B0F65155}"
EndProject
Project("{8BC9CEB8-8B4A-11D0-8D11-00A0C91BC942}") = "task24", "..\task24\task24.vcxproj", "{AC0F930B-00BA-421F-9D60-6FBA60C690DD}"
EndProject
Project("{8BC9CEB8-8B4A-11D0-8D11-00A0C91BC942}") = "task25", "..\task25\task25.vcxproj", "{44E16069-ECA2-43B6-A99D-265F5EC26BAB}"
EndProject
Project("{8BC9CEB8-8B4A-11D0-8D11-00A0C91BC942}") = "task30", "..\task26\task26.vcxproj", "{DF23CC06-C623-4B9D-8BCA-F17C36702303}"
EndProject
Project("{8BC9CEB8-8B4A-11D0-8D11-00A0C91BC942}") = "begin39", "..\task31\task31.vcxproj", "{2227A7D1-A7BD-4214-A2FC-3960761DBD4E}"
EndProject
Global
	GlobalSection(SolutionConfigurationPlatforms) = preSolution
		Debug|x64 = Debug|x64
		Debug|x86 = Debug|x86
		Release|x64 = Release|x64
		Release|x86 = Release|x86
	EndGlobalSection
	GlobalSection(ProjectConfigurationPlatforms) = postSolution
		{C99F16B7-893B-4D26-B0B4-747501B3DE4D}.Debug|x64.ActiveCfg = Debug|x64
		{C99F16B7-893B-4D26-B0B4-747501B3DE4D}.Debug|x64.Build.0 = Debug|x64
		{C99F16B7-893B-4D26-B0B4-747501B3DE4D}.Debug|x86.ActiveCfg = Debug|Win32
		{C99F16B7-893B-4D26-B0B4-747501B3DE4D}.Debug|x86.Build.0 = Debug|Win32
		{C99F16B7-893B-4D26-B0B4-747501B3DE4D}.Release|x64.ActiveCfg = Release|x64
		{C99F16B7-893B-4D26-B0B4-747501B3DE4D}.Release|x64.Build.0 = Release|x64
		{C99F16B7-893B-4D26-B0B4-747501B3DE4D}.Release|x86.ActiveCfg = Release|Win32
		{C99F16B7-893B-4D26-B0B4-747501B3DE4D}.Release|x86.Build.0 = Release|Win32
		{09ED1DE8-9390-43BF-BB2C-9F9C49C1C803}.Debug|x64.ActiveCfg = Debug|x64
		{09ED1DE8-9390-43BF-BB2C-9F9C49C1C803}.Debug|x64.Build.0 = Debug|x64
		{09ED1DE8-9390-43BF-BB2C-9F9C49C1C803}.Debug|x86.ActiveCfg = Debug|Win32
		{09ED1DE8-9390-43BF-BB2C-9F9C49C1C803}.Debug|x86.Build.0 = Debug|Win32
		{09ED1DE8-9390-43BF-BB2C-9F9C49C1C803}.Release|x64.ActiveCfg = Release|x64
		{09ED1DE8-9390-43BF-BB2C-9F9C49C1C803}.Release|x64.Build.0 = Release|x64
		{09ED1DE8-9390-43BF-BB2C-9F9C49C1C803}.Release|x86.ActiveCfg = Release|Win32
		{09ED1DE8-9390-43BF-BB2C-9F9C49C1C803}.Release|x86.Build.0 = Release|Win32
		{5EF95196-3085-42E9-923C-A847DCD57C5F}.Debug|x64.ActiveCfg = Debug|x64
		{5EF95196-3085-42E9-923C-A847DCD57C5F}.Debug|x64.Build.0 = Debug|x64
		{5EF95196-3085-42E9-923C-A847DCD57C5F}.Debug|x86.ActiveCfg = Debug|Win32
		{5EF95196-3085-42E9-923C-A847DCD57C5F}.Debug|x86.Build.0 = Debug|Win32
		{5EF95196-3085-42E9-923C-A847DCD57C5F}.Release|x64.ActiveCfg = Release|x64
		{5EF95196-3085-42E9-923C-A847DCD57C5F}.Release|x64.Build.0 = Release|x64
		{5EF95196-3085-42E9-923C-A847DCD57C5F}.Release|x86.ActiveCfg = Release|Win32
		{5EF95196-3085-42E9-923C-A847DCD57C5F}.Release|x86.Build.0 = Release|Win32
		{5ED77E1D-80B8-4B19-9F35-8583613E48E2}.Debug|x64.ActiveCfg = Debug|x64
		{5ED77E1D-80B8-4B19-9F35-8583613E48E2}.Debug|x64.Build.0 = Debug|x64
		{5ED77E1D-80B8-4B19-9F35-8583613E48E2}.Debug|x86.ActiveCfg = Debug|Win32
		{5ED77E1D-80B8-4B19-9F35-8583613E48E2}.Debug|x86.Build.0 = Debug|Win32
		{5ED77E1D-80B8-4B19-9F35-8583613E48E2}.Release|x64.ActiveCfg = Release|x64
		{5ED77E1D-80B8-4B19-9F35-8583613E48E2}.Release|x64.Build.0 = Release|x64
		{5ED77E1D-80B8-4B19-9F35-8583613E48E2}.Release|x86.ActiveCfg = Release|Win32
		{5ED77E1D-80B8-4B19-9F35-8583613E48E2}.Release|x86.Build.0 = Release|Win32
		{2B5C0685-9416-495A-B126-887F2A2572CE}.Debug|x64.ActiveCfg = Debug|x64
		{2B5C0685-9416-495A-B126-887F2A2572CE}.Debug|x64.Build.0 = Debug|x64
		{2B5C0685-9416-495A-B126-887F2A2572CE}.Debug|x86.ActiveCfg = Debug|Win32
		{2B5C0685-9416-495A-B126-887F2A2572CE}.Debug|x86.Build.0 = Debug|Win32
		{2B5C0685-9416-495A-B126-887F2A2572CE}.Release|x64.ActiveCfg = Release|x64
		{2B5C0685-9416-495A-B126-887F2A2572CE}.Release|x64.Build.0 = Release|x64
		{2B5C0685-9416-495A-B126-887F2A2572CE}.Release|x86.ActiveCfg = Release|Win32
		{2B5C0685-9416-495A-B126-887F2A2572CE}.Release|x86.Build.0 = Release|Win32
		{1C13E54A-A39D-437E-9A3B-EB3CEA004083}.Debug|x64.ActiveCfg = Debug|x64
		{1C13E54A-A39D-437E-9A3B-EB3CEA004083}.Debug|x64.Build.0 = Debug|x64
		{1C13E54A-A39D-437E-9A3B-EB3CEA004083}.Debug|x86.ActiveCfg = Debug|Win32
		{1C13E54A-A39D-437E-9A3B-EB3CEA004083}.Debug|x86.Build.0 = Debug|Win32
		{1C13E54A-A39D-437E-9A3B-EB3CEA004083}.Release|x64.ActiveCfg = Release|x64
		{1C13E54A-A39D-437E-9A3B-EB3CEA004083}.Release|x64.Build.0 = Release|x64
		{1C13E54A-A39D-437E-9A3B-EB3CEA004083}.Release|x86.ActiveCfg = Release|Win32
		{1C13E54A-A39D-437E-9A3B-EB3CEA004083}.Release|x86.Build.0 = Release|Win32
		{6A58841C-E12C-43C6-90CE-1F9B75296445}.Debug|x64.ActiveCfg = Debug|x64
		{6A58841C-E12C-43C6-90CE-1F9B75296445}.Debug|x64.Build.0 = Debug|x64
		{6A58841C-E12C-43C6-90CE-1F9B75296445}.Debug|x86.ActiveCfg = Debug|Win32
		{6A58841C-E12C-43C6-90CE-1F9B75296445}.Debug|x86.Build.0 = Debug|Win32
		{6A58841C-E12C-43C6-90CE-1F9B75296445}.Release|x64.ActiveCfg = Release|x64
		{6A58841C-E12C-43C6-90CE-1F9B75296445}.Release|x64.Build.0 = Release|x64
		{6A58841C-E12C-43C6-90CE-1F9B75296445}.Release|x86.ActiveCfg = Release|Win32
		{6A58841C-E12C-43C6-90CE-1F9B75296445}.Release|x86.Build.0 = Release|Win32
		{4C8E6B4D-B86D-460D-99EF-9CCCC374E34E}.Debug|x64.ActiveCfg = Debug|x64
		{4C8E6B4D-B86D-460D-99EF-9CCCC374E34E}.Debug|x64.Build.0 = Debug|x64
		{4C8E6B4D-B86D-460D-99EF-9CCCC374E34E}.Debug|x86.ActiveCfg = Debug|Win32
		{4C8E6B4D-B86D-460D-99EF-9CCCC374E34E}.Debug|x86.Build.0 = Debug|Win32
		{4C8E6B4D-B86D-460D-99EF-9CCCC374E34E}.Release|x64.ActiveCfg = Release|x64
		{4C8E6B4D-B86D-460D-99EF-9CCCC374E34E}.Release|x64.Build.0 = Release|x64
		{4C8E6B4D-B86D-460D-99EF-9CCCC374E34E}.Release|x86.ActiveCfg = Release|Win32
		{4C8E6B4D-B86D-460D-99EF-9CCCC374E34E}.Release|x86.Build.0 = Release|Win32
		{8A18EE13-177A-4D49-808E-5776A598D77B}.Debug|x64.ActiveCfg = Debug|x64
		{8A18EE13-177A-4D49-808E-5776A598D77B}.Debug|x64.Build.0 = Debug|x64
		{8A18EE13-177A-4D49-808E-5776A598D77B}.Debug|x86.ActiveCfg = Debug|Win32
		{8A18EE13-177A-4D49-808E-5776A598D77B}.Debug|x86.Build.0 = Debug|Win32
		{8A18EE13-177A-4D49-808E-5776A598D77B}.Release|x64.ActiveCfg = Release|x64
		{8A18EE13-177A-4D49-808E-5776A598D77B}.Release|x64.Build.0 = Release|x64
		{8A18EE13-177A-4D49-808E-5776A598D77B}.Release|x86.ActiveCfg = Release|Win32
		{8A18EE13-177A-4D49-808E-5776A598D77B}.Release|x86.Build.0 = Release|Win32
		{622EEFA9-A12C-4DD1-AEF9-6D116EDC1D9B}.Debug|x64.ActiveCfg = Debug|x64
		{622EEFA9-A12C-4DD1-AEF9-6D116EDC1D9B}.Debug|x64.Build.0 = Debug|x64
		{622EEFA9-A12C-4DD1-AEF9-6D116EDC1D9B}.Debug|x86.ActiveCfg = Debug|Win32
		{622EEFA9-A12C-4DD1-AEF9-6D116EDC1D9B}.Debug|x86.Build.0 = Debug|Win32
		{622EEFA9-A12C-4DD1-AEF9-6D116EDC1D9B}.Release|x64.ActiveCfg = Release|x64
		{622EEFA9-A12C-4DD1-AEF9-6D116EDC1D9B}.Release|x64.Build.0 = Release|x64
		{622EEFA9-A12C-4DD1-AEF9-6D116EDC1D9B}.Release|x86.ActiveCfg = Release|Win32
		{622EEFA9-A12C-4DD1-AEF9-6D116EDC1D9B}.Release|x86.Build.0 = Release|Win32
		{D88F9817-1A33-403C-9D8B-3917B0F65155}.Debug|x64.ActiveCfg = Debug|x64
		{D88F9817-1A33-403C-9D8B-3917B0F65155}.Debug|x64.Build.0 = Debug|x64
		{D88F9817-1A33-403C-9D8B-3917B0F65155}.Debug|x86.ActiveCfg = Debug|Win32
		{D88F9817-1A33-403C-9D8B-3917B0F65155}.Debug|x86.Build.0 = Debug|Win32
		{D88F9817-1A33-403C-9D8B-3917B0F65155}.Release|x64.ActiveCfg = Release|x64
		{D88F9817-1A33-403C-9D8B-3917B0F65155}.Release|x64.Build.0 = Release|x64
		{D88F9817-1A33-403C-9D8B-3917B0F65155}.Release|x86.ActiveCfg = Release|Win32
		{D88F9817-1A33-403C-9D8B-3917B0F65155}.Release|x86.Build.0 = Release|Win32
		{AC0F930B-00BA-421F-9D60-6FBA60C690DD}.Debug|x64.ActiveCfg = Debug|x64
		{AC0F930B-00BA-421F-9D60-6FBA60C690DD}.Debug|x64.Build.0 = Debug|x64
		{AC0F930B-00BA-421F-9D60-6FBA60C690DD}.Debug|x86.ActiveCfg = Debug|Win32
		{AC0F930B-00BA-421F-9D60-6FBA60C690DD}.Debug|x86.Build.0 = Debug|Win32
		{AC0F930B-00BA-421F-9D60-6FBA60C690DD}.Release|x64.ActiveCfg = Release|x64
		{AC0F930B-00BA-421F-9D60-6FBA60C690DD}.Release|x64.Build.0 = Release|x64
		{AC0F930B-00BA-421F-9D60-6FBA60C690DD}.Release|x86.ActiveCfg = Release|Win32
		{AC0F930B-00BA-421F-9D60-6FBA60C690DD}.Release|x86.Build.0 = Release|Win32
		{44E16069-ECA2-43B6-A99D-265F5EC26BAB}.Debug|x64.ActiveCfg = Debug|x64
		{44E16069-ECA2-43B6-A99D-265F5EC26BAB}.Debug|x64.Build.0 = Debug|x64
		{44E16069-ECA2-43B6-A99D-265F5EC26BAB}.Debug|x86.ActiveCfg = Debug|Win32
		{44E16069-ECA2-43B6-A99D-265F5EC26BAB}.Debug|x86.Build.0 = Debug|Win32
		{44E16069-ECA2-43B6-A99D-265F5EC26BAB}.Release|x64.ActiveCfg = Release|x64
		{44E16069-ECA2-43B6-A99D-265F5EC26BAB}.Release|x64.Build.0 = Release|x64
		{44E16069-ECA2-43B6-A99D-265F5EC26BAB}.Release|x86.ActiveCfg = Release|Win32
		{44E16069-ECA2-43B6-A99D-265F5EC26BAB}.Release|x86.Build.0 = Release|Win32
		{DF23CC06-C623-4B9D-8BCA-F17C36702303}.Debug|x64.ActiveCfg = Debug|x64
		{DF23CC06-C623-4B9D-8BCA-F17C36702303}.Debug|x64.Build.0 = Debug|x64
		{DF23CC06-C623-4B9D-8BCA-F17C36702303}.Debug|x86.ActiveCfg = Debug|Win32
		{DF23CC06-C623-4B9D-8BCA-F17C36702303}.Debug|x86.Build.0 = Debug|Win32
		{DF23CC06-C623-4B9D-8BCA-F17C36702303}.Release|x64.ActiveCfg = Release|x64
		{DF23CC06-C623-4B9D-8BCA-F17C36702303}.Release|x64.Build.0 = Release|x64
		{DF23CC06-C623-4B9D-8BCA-F17C36702303}.Release|x86.ActiveCfg = Release|Win32
		{DF23CC06-C623-4B9D-8BCA-F17C36702303}.Release|x86.Build.0 = Release|Win32
		{2227A7D1-A7BD-4214-A2FC-3960761DBD4E}.Debug|x64.ActiveCfg = Debug|x64
		{2227A7D1-A7BD-4214-A2FC-3960761DBD4E}.Debug|x64.Build.0 = Debug|x64
		{2227A7D1-A7BD-4214-A2FC-3960761DBD4E}.Debug|x86.ActiveCfg = Debug|Win32
		{2227A7D1-A7BD-4214-A2FC-3960761DBD4E}.Debug|x86.Build.0 = Debug|Win32
		{2227A7D1-A7BD-4214-A2FC-3960761DBD4E}.Release|x64.ActiveCfg = Release|x64
		{2227A7D1-A7BD-4214-A2FC-3960761DBD4E}.Release|x64.Build.0 = Release|x64
		{2227A7D1-A7BD-4214-A2FC-3960761DBD4E}.Release|x86.ActiveCfg = Release|Win32
		{2227A7D1-A7BD-4214-A2FC-3960761DBD4E}.Release|x86.Build.0 = Release|Win32
	EndGlobalSection
	GlobalSection(SolutionProperties) = preSolution
		HideSolutionNode = FALSE
	EndGlobalSection
	GlobalSection(ExtensibilityGlobals) = postSolution
		SolutionGuid = {9923FFE0-08CA-4BDE-884D-5E6C09A1BA84}
	EndGlobalSection
EndGlobal
