
Microsoft Visual Studio Solution File, Format Version 12.00
# Visual Studio Version 17
VisualStudioVersion = 17.5.33627.172
MinimumVisualStudioVersion = 10.0.40219.1
Project("{8BC9CEB8-8B4A-11D0-8D11-00A0C91BC942}") = "ConsoleApplication1", "ConsoleApplication1.vcxproj", "{620F7E73-01CF-4629-B415-E841AE5449B8}"
EndProject
Global
	GlobalSection(SolutionConfigurationPlatforms) = preSolution
		Debug|x64 = Debug|x64
		Debug|x86 = Debug|x86
		Release|x64 = Release|x64
		Release|x86 = Release|x86
	EndGlobalSection
	GlobalSection(ProjectConfigurationPlatforms) = postSolution
		{620F7E73-01CF-4629-B415-E841AE5449B8}.Debug|x64.ActiveCfg = Debug|x64
		{620F7E73-01CF-4629-B415-E841AE5449B8}.Debug|x64.Build.0 = Debug|x64
		{620F7E73-01CF-4629-B415-E841AE5449B8}.Debug|x86.ActiveCfg = Debug|Win32
		{620F7E73-01CF-4629-B415-E841AE5449B8}.Debug|x86.Build.0 = Debug|Win32
		{620F7E73-01CF-4629-B415-E841AE5449B8}.Release|x64.ActiveCfg = Release|x64
		{620F7E73-01CF-4629-B415-E841AE5449B8}.Release|x64.Build.0 = Release|x64
		{620F7E73-01CF-4629-B415-E841AE5449B8}.Release|x86.ActiveCfg = Release|Win32
		{620F7E73-01CF-4629-B415-E841AE5449B8}.Release|x86.Build.0 = Release|Win32
	EndGlobalSection
	GlobalSection(SolutionProperties) = preSolution
		HideSolutionNode = FALSE
	EndGlobalSection
	GlobalSection(ExtensibilityGlobals) = postSolution
		SolutionGuid = {F263E801-4AA6-4158-B443-02DB890855B6}
	EndGlobalSection
EndGlobal
