
Microsoft Visual Studio Solution File, Format Version 12.00
# Visual Studio Version 17
VisualStudioVersion = 17.3.32922.545
MinimumVisualStudioVersion = 10.0.40219.1
Project("{8BC9CEB8-8B4A-11D0-8D11-00A0C91BC942}") = "ConsoleApplication1", "ConsoleApplication1.vcxproj", "{10ED9B58-E317-4759-BCAA-9DD1C71DF28C}"
EndProject
Global
	GlobalSection(SolutionConfigurationPlatforms) = preSolution
		Debug|x64 = Debug|x64
		Debug|x86 = Debug|x86
		Release|x64 = Release|x64
		Release|x86 = Release|x86
	EndGlobalSection
	GlobalSection(ProjectConfigurationPlatforms) = postSolution
		{10ED9B58-E317-4759-BCAA-9DD1C71DF28C}.Debug|x64.ActiveCfg = Debug|x64
		{10ED9B58-E317-4759-BCAA-9DD1C71DF28C}.Debug|x64.Build.0 = Debug|x64
		{10ED9B58-E317-4759-BCAA-9DD1C71DF28C}.Debug|x86.ActiveCfg = Debug|Win32
		{10ED9B58-E317-4759-BCAA-9DD1C71DF28C}.Debug|x86.Build.0 = Debug|Win32
		{10ED9B58-E317-4759-BCAA-9DD1C71DF28C}.Release|x64.ActiveCfg = Release|x64
		{10ED9B58-E317-4759-BCAA-9DD1C71DF28C}.Release|x64.Build.0 = Release|x64
		{10ED9B58-E317-4759-BCAA-9DD1C71DF28C}.Release|x86.ActiveCfg = Release|Win32
		{10ED9B58-E317-4759-BCAA-9DD1C71DF28C}.Release|x86.Build.0 = Release|Win32
	EndGlobalSection
	GlobalSection(SolutionProperties) = preSolution
		HideSolutionNode = FALSE
	EndGlobalSection
	GlobalSection(ExtensibilityGlobals) = postSolution
		SolutionGuid = {2CAFC29C-4784-4CE5-9FDF-107EEDD27C74}
	EndGlobalSection
EndGlobal
