
Microsoft Visual Studio Solution File, Format Version 12.00
# Visual Studio Version 17
VisualStudioVersion = 17.5.33627.172
MinimumVisualStudioVersion = 10.0.40219.1
Project("{8BC9CEB8-8B4A-11D0-8D11-00A0C91BC942}") = "ConsoleApplication1", "ConsoleApplication1.vcxproj", "{95FBD05E-E991-4DD3-AD0D-2B068EE0AD3E}"
EndProject
Global
	GlobalSection(SolutionConfigurationPlatforms) = preSolution
		Debug|x64 = Debug|x64
		Debug|x86 = Debug|x86
		Release|x64 = Release|x64
		Release|x86 = Release|x86
	EndGlobalSection
	GlobalSection(ProjectConfigurationPlatforms) = postSolution
		{95FBD05E-E991-4DD3-AD0D-2B068EE0AD3E}.Debug|x64.ActiveCfg = Debug|x64
		{95FBD05E-E991-4DD3-AD0D-2B068EE0AD3E}.Debug|x64.Build.0 = Debug|x64
		{95FBD05E-E991-4DD3-AD0D-2B068EE0AD3E}.Debug|x86.ActiveCfg = Debug|Win32
		{95FBD05E-E991-4DD3-AD0D-2B068EE0AD3E}.Debug|x86.Build.0 = Debug|Win32
		{95FBD05E-E991-4DD3-AD0D-2B068EE0AD3E}.Release|x64.ActiveCfg = Release|x64
		{95FBD05E-E991-4DD3-AD0D-2B068EE0AD3E}.Release|x64.Build.0 = Release|x64
		{95FBD05E-E991-4DD3-AD0D-2B068EE0AD3E}.Release|x86.ActiveCfg = Release|Win32
		{95FBD05E-E991-4DD3-AD0D-2B068EE0AD3E}.Release|x86.Build.0 = Release|Win32
	EndGlobalSection
	GlobalSection(SolutionProperties) = preSolution
		HideSolutionNode = FALSE
	EndGlobalSection
	GlobalSection(ExtensibilityGlobals) = postSolution
		SolutionGuid = {43A6EF24-7BB6-4823-BF34-47C65B2F859B}
	EndGlobalSection
EndGlobal
