
Microsoft Visual Studio Solution File, Format Version 12.00
# Visual Studio Version 17
VisualStudioVersion = 17.5.33627.172
MinimumVisualStudioVersion = 10.0.40219.1
Project("{8BC9CEB8-8B4A-11D0-8D11-00A0C91BC942}") = "ConsoleApplication1", "ConsoleApplication1.vcxproj", "{E1BCB11A-2BC2-4AAF-814E-1B0E6EA409F1}"
EndProject
Global
	GlobalSection(SolutionConfigurationPlatforms) = preSolution
		Debug|x64 = Debug|x64
		Debug|x86 = Debug|x86
		Release|x64 = Release|x64
		Release|x86 = Release|x86
	EndGlobalSection
	GlobalSection(ProjectConfigurationPlatforms) = postSolution
		{E1BCB11A-2BC2-4AAF-814E-1B0E6EA409F1}.Debug|x64.ActiveCfg = Debug|x64
		{E1BCB11A-2BC2-4AAF-814E-1B0E6EA409F1}.Debug|x64.Build.0 = Debug|x64
		{E1BCB11A-2BC2-4AAF-814E-1B0E6EA409F1}.Debug|x86.ActiveCfg = Debug|Win32
		{E1BCB11A-2BC2-4AAF-814E-1B0E6EA409F1}.Debug|x86.Build.0 = Debug|Win32
		{E1BCB11A-2BC2-4AAF-814E-1B0E6EA409F1}.Release|x64.ActiveCfg = Release|x64
		{E1BCB11A-2BC2-4AAF-814E-1B0E6EA409F1}.Release|x64.Build.0 = Release|x64
		{E1BCB11A-2BC2-4AAF-814E-1B0E6EA409F1}.Release|x86.ActiveCfg = Release|Win32
		{E1BCB11A-2BC2-4AAF-814E-1B0E6EA409F1}.Release|x86.Build.0 = Release|Win32
	EndGlobalSection
	GlobalSection(SolutionProperties) = preSolution
		HideSolutionNode = FALSE
	EndGlobalSection
	GlobalSection(ExtensibilityGlobals) = postSolution
		SolutionGuid = {512A5126-54D1-4A4C-A2B6-AD597BE0962B}
	EndGlobalSection
EndGlobal
