
Microsoft Visual Studio Solution File, Format Version 12.00
# Visual Studio Version 17
VisualStudioVersion = 17.5.33627.172
MinimumVisualStudioVersion = 10.0.40219.1
Project("{8BC9CEB8-8B4A-11D0-8D11-00A0C91BC942}") = "ConsoleApplication1", "ConsoleApplication1.vcxproj", "{F192CFFF-1714-44B1-8647-E4F5F76508BA}"
EndProject
Global
	GlobalSection(SolutionConfigurationPlatforms) = preSolution
		Debug|x64 = Debug|x64
		Debug|x86 = Debug|x86
		Release|x64 = Release|x64
		Release|x86 = Release|x86
	EndGlobalSection
	GlobalSection(ProjectConfigurationPlatforms) = postSolution
		{F192CFFF-1714-44B1-8647-E4F5F76508BA}.Debug|x64.ActiveCfg = Debug|x64
		{F192CFFF-1714-44B1-8647-E4F5F76508BA}.Debug|x64.Build.0 = Debug|x64
		{F192CFFF-1714-44B1-8647-E4F5F76508BA}.Debug|x86.ActiveCfg = Debug|Win32
		{F192CFFF-1714-44B1-8647-E4F5F76508BA}.Debug|x86.Build.0 = Debug|Win32
		{F192CFFF-1714-44B1-8647-E4F5F76508BA}.Release|x64.ActiveCfg = Release|x64
		{F192CFFF-1714-44B1-8647-E4F5F76508BA}.Release|x64.Build.0 = Release|x64
		{F192CFFF-1714-44B1-8647-E4F5F76508BA}.Release|x86.ActiveCfg = Release|Win32
		{F192CFFF-1714-44B1-8647-E4F5F76508BA}.Release|x86.Build.0 = Release|Win32
	EndGlobalSection
	GlobalSection(SolutionProperties) = preSolution
		HideSolutionNode = FALSE
	EndGlobalSection
	GlobalSection(ExtensibilityGlobals) = postSolution
		SolutionGuid = {9A19DD4F-7477-4074-BC74-2F2C20F01050}
	EndGlobalSection
EndGlobal
